
Microsoft Visual Studio Solution File, Format Version 12.00
# Visual Studio Version 17
VisualStudioVersion = 17.6.33801.468
MinimumVisualStudioVersion = 10.0.40219.1
Project("{FAE04EC0-301F-11D3-BF4B-00C04F79EFBC}") = "T_015", "T_15\T_015.csproj", "{DE6706D3-1D92-47D2-A2D8-0047F86E5360}"
EndProject
Project("{FAE04EC0-301F-11D3-BF4B-00C04F79EFBC}") = "T_016", "T_16\T_016.csproj", "{2164DC61-5086-4642-B588-C8DE5566EC33}"
EndProject
Project("{2150E333-8FDC-42A3-9474-1A3956D46DE8}") = "Условные операторы и циклы", "Условные операторы и циклы", "{B5478B32-04FE-4FD9-8614-41574D2F0D9E}"
EndProject
Project("{FAE04EC0-301F-11D3-BF4B-00C04F79EFBC}") = "T_017", "T_17\T_017.csproj", "{8B263472-D5C7-44B1-880B-B610EC82DAD6}"
EndProject
Project("{FAE04EC0-301F-11D3-BF4B-00C04F79EFBC}") = "T_018", "T_18\T_018.csproj", "{01EE11D4-010D-4076-841F-623C5186C370}"
EndProject
Project("{FAE04EC0-301F-11D3-BF4B-00C04F79EFBC}") = "T_006", "T_6\T_006.csproj", "{041E472E-C6D1-4D78-8E54-B5479D1FC3B4}"
EndProject
Project("{FAE04EC0-301F-11D3-BF4B-00C04F79EFBC}") = "T_006_2", "T_6.2\T_006_2.csproj", "{4ABB8DA8-8389-49CD-AAE6-0826F759C5B6}"
EndProject
Project("{FAE04EC0-301F-11D3-BF4B-00C04F79EFBC}") = "T_007", "T_7\T_007.csproj", "{D8829B50-E55C-461A-AF22-D6351A17BE1B}"
EndProject
Project("{2150E333-8FDC-42A3-9474-1A3956D46DE8}") = "SimpleCode", "SimpleCode", "{F9FF6D93-405E-4E51-82AE-88F5DC91C8E0}"
EndProject
Project("{FAE04EC0-301F-11D3-BF4B-00C04F79EFBC}") = "T_007_2_Parse", "T_7.2\T_007_2_Parse.csproj", "{12DA4FE2-2B6E-483B-98F1-6563253BD765}"
EndProject
Project("{FAE04EC0-301F-11D3-BF4B-00C04F79EFBC}") = "T_007_3", "T_7.3\T_007_3.csproj", "{C6092C3A-6ACD-4F45-9629-C0643DC474BF}"
EndProject
Project("{FAE04EC0-301F-11D3-BF4B-00C04F79EFBC}") = "T_008", "T_8\T_008.csproj", "{0F648E0A-711B-4BA7-A38C-604977517B1C}"
EndProject
Project("{FAE04EC0-301F-11D3-BF4B-00C04F79EFBC}") = "T_008_DZ", "T_8_DZ\T_008_DZ.csproj", "{130D3BC4-1AB8-4195-9DFE-1CDBEC76CD70}"
EndProject
Project("{FAE04EC0-301F-11D3-BF4B-00C04F79EFBC}") = "T_008_DZ_02", "T_8_DZ_02\T_008_DZ_02.csproj", "{4E7FE940-7C76-48F2-B5F4-50AA4F3FE705}"
EndProject
Project("{FAE04EC0-301F-11D3-BF4B-00C04F79EFBC}") = "T_008_DZ_03", "T_8_DZ_03\T_008_DZ_03.csproj", "{57A5186E-2D08-4F10-933E-3F390A7548CD}"
EndProject
Project("{FAE04EC0-301F-11D3-BF4B-00C04F79EFBC}") = "T_011", "T_11\T_011.csproj", "{1482F599-D557-45B4-BB4A-29037C0988D2}"
EndProject
Project("{FAE04EC0-301F-11D3-BF4B-00C04F79EFBC}") = "T_012", "T_012\T_012.csproj", "{00A9D611-E72A-41D8-A931-61E691EC70B9}"
EndProject
Project("{FAE04EC0-301F-11D3-BF4B-00C04F79EFBC}") = "T_013_If_else", "T_013_If_else\T_013_If_else.csproj", "{58E551A2-4A1F-4391-84C1-0F12C29B2E7F}"
EndProject
Project("{FAE04EC0-301F-11D3-BF4B-00C04F79EFBC}") = "T_013_If_else_DZ", "T_013_If_else_DZ\T_013_If_else_DZ.csproj", "{A0A32AC4-887D-4C2E-9286-66CC36CAA325}"
EndProject
Project("{FAE04EC0-301F-11D3-BF4B-00C04F79EFBC}") = "T_014_logical_Operators", "T_014_logical_Operators\T_014_logical_Operators.csproj", "{49291FB5-C9EE-4D3B-941B-EC9EC1C3DBAA}"
EndProject
Project("{FAE04EC0-301F-11D3-BF4B-00C04F79EFBC}") = "T_015_01_SWITCH", "T_015_SWITCH\T_015_01_SWITCH.csproj", "{41B51F4C-618C-4AF8-A921-31964A67D7D6}"
EndProject
Project("{FAE04EC0-301F-11D3-BF4B-00C04F79EFBC}") = "T_015_02_SWITCH_DZ_calculator", "T_015_SWITCH_DZ_\T_015_02_SWITCH_DZ_calculator.csproj", "{7F287341-9248-48CF-926C-FE9D7EB08ED3}"
EndProject
Project("{FAE04EC0-301F-11D3-BF4B-00C04F79EFBC}") = "T_015_03_IF_ELSE_DZ_calculator", "T_015_IF_ELSE_DZ_calculator\T_015_03_IF_ELSE_DZ_calculator.csproj", "{165144F0-2FE1-4A99-8CBF-5FC97A526885}"
EndProject
Project("{FAE04EC0-301F-11D3-BF4B-00C04F79EFBC}") = "T_016_WHILE", "T_015_WHILE\T_016_WHILE.csproj", "{B645ABA4-3AD1-46E5-B3A2-BAAC229C9506}"
EndProject
Project("{FAE04EC0-301F-11D3-BF4B-00C04F79EFBC}") = "T_016_WHILE_DZ", "T_015_WHILE_DZ\T_016_WHILE_DZ.csproj", "{92979F00-97F1-474B-A524-097B93465B5D}"
EndProject
Project("{FAE04EC0-301F-11D3-BF4B-00C04F79EFBC}") = "T_017_DO_WHILE", "T_015_DO_WHILE\T_017_DO_WHILE.csproj", "{C837692D-F8C2-424F-B4B0-EE7BBD965C7A}"
EndProject
Project("{FAE04EC0-301F-11D3-BF4B-00C04F79EFBC}") = "T_018_019_FOR", "T_017_FOR\T_018_019_FOR.csproj", "{E9A67D86-48EE-4CAA-80FD-F9FA15B31547}"
EndProject
Project("{FAE04EC0-301F-11D3-BF4B-00C04F79EFBC}") = "T_020_BREAK", "T_020_BREAK\T_020_BREAK.csproj", "{6C711212-2154-4092-A672-884797A94B69}"
EndProject
Project("{FAE04EC0-301F-11D3-BF4B-00C04F79EFBC}") = "T_021_CONTINUE", "T_021\T_021_CONTINUE.csproj", "{63DBC5ED-4D2F-4CF0-97AB-F2931360FA33}"
EndProject
Project("{FAE04EC0-301F-11D3-BF4B-00C04F79EFBC}") = "T_022_NESTED LOOPS", "T_022_NESTED LOOPS\T_022_NESTED LOOPS.csproj", "{F391BD54-CD23-4520-BC88-EE23AB775361}"
EndProject
Project("{FAE04EC0-301F-11D3-BF4B-00C04F79EFBC}") = "T_022_NESTED LOOPS_DZ_triangles", "T_022_NESTED LOOPS_DZ_triangles\T_022_NESTED LOOPS_DZ_triangles.csproj", "{2E9A6953-6E09-4D8B-B56D-A843362F5133}"
EndProject
Project("{FAE04EC0-301F-11D3-BF4B-00C04F79EFBC}") = "T_023_Trainer_Operator", "T_023_Trainer_Operator\T_023_Trainer_Operator.csproj", "{FE8EEF8E-EE1F-40E2-9D77-F8BD0C991DA6}"
EndProject
Project("{2150E333-8FDC-42A3-9474-1A3956D46DE8}") = "Junior", "Junior", "{F0F4763B-971C-4CCB-824D-D248C080B779}"
EndProject
Project("{FAE04EC0-301F-11D3-BF4B-00C04F79EFBC}") = "S_0019_parenthesis expressions", "S_0019_parenthesis expressions\S_0019_parenthesis expressions.csproj", "{A79CD720-8BF2-40B5-BEAC-99B77CFBDF05}"
EndProject
Project("{FAE04EC0-301F-11D3-BF4B-00C04F79EFBC}") = "S_0020_Boss_Fight", "S_0020_Boss_Fight\S_0020_Boss_Fight.csproj", "{82058689-1C54-48A3-9EDB-8B7C53BCD5FA}"
EndProject
Project("{2150E333-8FDC-42A3-9474-1A3956D46DE8}") = "KnowledgeBase", "KnowledgeBase", "{5276AF58-FA2C-4CD2-B4E9-1BBBC5ACFE4E}"
EndProject
Project("{FAE04EC0-301F-11D3-BF4B-00C04F79EFBC}") = "0001_const", "0001_const\0001_const.csproj", "{DA254B2D-645D-40D4-A656-EAAE0707CE46}"
EndProject
Global
	GlobalSection(SolutionConfigurationPlatforms) = preSolution
		Debug|Any CPU = Debug|Any CPU
		Release|Any CPU = Release|Any CPU
	EndGlobalSection
	GlobalSection(ProjectConfigurationPlatforms) = postSolution
		{DE6706D3-1D92-47D2-A2D8-0047F86E5360}.Debug|Any CPU.ActiveCfg = Debug|Any CPU
		{DE6706D3-1D92-47D2-A2D8-0047F86E5360}.Debug|Any CPU.Build.0 = Debug|Any CPU
		{DE6706D3-1D92-47D2-A2D8-0047F86E5360}.Release|Any CPU.ActiveCfg = Release|Any CPU
		{DE6706D3-1D92-47D2-A2D8-0047F86E5360}.Release|Any CPU.Build.0 = Release|Any CPU
		{2164DC61-5086-4642-B588-C8DE5566EC33}.Debug|Any CPU.ActiveCfg = Debug|Any CPU
		{2164DC61-5086-4642-B588-C8DE5566EC33}.Debug|Any CPU.Build.0 = Debug|Any CPU
		{2164DC61-5086-4642-B588-C8DE5566EC33}.Release|Any CPU.ActiveCfg = Release|Any CPU
		{2164DC61-5086-4642-B588-C8DE5566EC33}.Release|Any CPU.Build.0 = Release|Any CPU
		{8B263472-D5C7-44B1-880B-B610EC82DAD6}.Debug|Any CPU.ActiveCfg = Debug|Any CPU
		{8B263472-D5C7-44B1-880B-B610EC82DAD6}.Debug|Any CPU.Build.0 = Debug|Any CPU
		{8B263472-D5C7-44B1-880B-B610EC82DAD6}.Release|Any CPU.ActiveCfg = Release|Any CPU
		{8B263472-D5C7-44B1-880B-B610EC82DAD6}.Release|Any CPU.Build.0 = Release|Any CPU
		{01EE11D4-010D-4076-841F-623C5186C370}.Debug|Any CPU.ActiveCfg = Debug|Any CPU
		{01EE11D4-010D-4076-841F-623C5186C370}.Debug|Any CPU.Build.0 = Debug|Any CPU
		{01EE11D4-010D-4076-841F-623C5186C370}.Release|Any CPU.ActiveCfg = Release|Any CPU
		{01EE11D4-010D-4076-841F-623C5186C370}.Release|Any CPU.Build.0 = Release|Any CPU
		{041E472E-C6D1-4D78-8E54-B5479D1FC3B4}.Debug|Any CPU.ActiveCfg = Debug|Any CPU
		{041E472E-C6D1-4D78-8E54-B5479D1FC3B4}.Debug|Any CPU.Build.0 = Debug|Any CPU
		{041E472E-C6D1-4D78-8E54-B5479D1FC3B4}.Release|Any CPU.ActiveCfg = Release|Any CPU
		{041E472E-C6D1-4D78-8E54-B5479D1FC3B4}.Release|Any CPU.Build.0 = Release|Any CPU
		{4ABB8DA8-8389-49CD-AAE6-0826F759C5B6}.Debug|Any CPU.ActiveCfg = Debug|Any CPU
		{4ABB8DA8-8389-49CD-AAE6-0826F759C5B6}.Debug|Any CPU.Build.0 = Debug|Any CPU
		{4ABB8DA8-8389-49CD-AAE6-0826F759C5B6}.Release|Any CPU.ActiveCfg = Release|Any CPU
		{4ABB8DA8-8389-49CD-AAE6-0826F759C5B6}.Release|Any CPU.Build.0 = Release|Any CPU
		{D8829B50-E55C-461A-AF22-D6351A17BE1B}.Debug|Any CPU.ActiveCfg = Debug|Any CPU
		{D8829B50-E55C-461A-AF22-D6351A17BE1B}.Debug|Any CPU.Build.0 = Debug|Any CPU
		{D8829B50-E55C-461A-AF22-D6351A17BE1B}.Release|Any CPU.ActiveCfg = Release|Any CPU
		{D8829B50-E55C-461A-AF22-D6351A17BE1B}.Release|Any CPU.Build.0 = Release|Any CPU
		{12DA4FE2-2B6E-483B-98F1-6563253BD765}.Debug|Any CPU.ActiveCfg = Debug|Any CPU
		{12DA4FE2-2B6E-483B-98F1-6563253BD765}.Debug|Any CPU.Build.0 = Debug|Any CPU
		{12DA4FE2-2B6E-483B-98F1-6563253BD765}.Release|Any CPU.ActiveCfg = Release|Any CPU
		{12DA4FE2-2B6E-483B-98F1-6563253BD765}.Release|Any CPU.Build.0 = Release|Any CPU
		{C6092C3A-6ACD-4F45-9629-C0643DC474BF}.Debug|Any CPU.ActiveCfg = Debug|Any CPU
		{C6092C3A-6ACD-4F45-9629-C0643DC474BF}.Debug|Any CPU.Build.0 = Debug|Any CPU
		{C6092C3A-6ACD-4F45-9629-C0643DC474BF}.Release|Any CPU.ActiveCfg = Release|Any CPU
		{C6092C3A-6ACD-4F45-9629-C0643DC474BF}.Release|Any CPU.Build.0 = Release|Any CPU
		{0F648E0A-711B-4BA7-A38C-604977517B1C}.Debug|Any CPU.ActiveCfg = Debug|Any CPU
		{0F648E0A-711B-4BA7-A38C-604977517B1C}.Debug|Any CPU.Build.0 = Debug|Any CPU
		{0F648E0A-711B-4BA7-A38C-604977517B1C}.Release|Any CPU.ActiveCfg = Release|Any CPU
		{0F648E0A-711B-4BA7-A38C-604977517B1C}.Release|Any CPU.Build.0 = Release|Any CPU
		{130D3BC4-1AB8-4195-9DFE-1CDBEC76CD70}.Debug|Any CPU.ActiveCfg = Debug|Any CPU
		{130D3BC4-1AB8-4195-9DFE-1CDBEC76CD70}.Debug|Any CPU.Build.0 = Debug|Any CPU
		{130D3BC4-1AB8-4195-9DFE-1CDBEC76CD70}.Release|Any CPU.ActiveCfg = Release|Any CPU
		{130D3BC4-1AB8-4195-9DFE-1CDBEC76CD70}.Release|Any CPU.Build.0 = Release|Any CPU
		{4E7FE940-7C76-48F2-B5F4-50AA4F3FE705}.Debug|Any CPU.ActiveCfg = Debug|Any CPU
		{4E7FE940-7C76-48F2-B5F4-50AA4F3FE705}.Debug|Any CPU.Build.0 = Debug|Any CPU
		{4E7FE940-7C76-48F2-B5F4-50AA4F3FE705}.Release|Any CPU.ActiveCfg = Release|Any CPU
		{4E7FE940-7C76-48F2-B5F4-50AA4F3FE705}.Release|Any CPU.Build.0 = Release|Any CPU
		{57A5186E-2D08-4F10-933E-3F390A7548CD}.Debug|Any CPU.ActiveCfg = Debug|Any CPU
		{57A5186E-2D08-4F10-933E-3F390A7548CD}.Debug|Any CPU.Build.0 = Debug|Any CPU
		{57A5186E-2D08-4F10-933E-3F390A7548CD}.Release|Any CPU.ActiveCfg = Release|Any CPU
		{57A5186E-2D08-4F10-933E-3F390A7548CD}.Release|Any CPU.Build.0 = Release|Any CPU
		{1482F599-D557-45B4-BB4A-29037C0988D2}.Debug|Any CPU.ActiveCfg = Debug|Any CPU
		{1482F599-D557-45B4-BB4A-29037C0988D2}.Debug|Any CPU.Build.0 = Debug|Any CPU
		{1482F599-D557-45B4-BB4A-29037C0988D2}.Release|Any CPU.ActiveCfg = Release|Any CPU
		{1482F599-D557-45B4-BB4A-29037C0988D2}.Release|Any CPU.Build.0 = Release|Any CPU
		{00A9D611-E72A-41D8-A931-61E691EC70B9}.Debug|Any CPU.ActiveCfg = Debug|Any CPU
		{00A9D611-E72A-41D8-A931-61E691EC70B9}.Debug|Any CPU.Build.0 = Debug|Any CPU
		{00A9D611-E72A-41D8-A931-61E691EC70B9}.Release|Any CPU.ActiveCfg = Release|Any CPU
		{00A9D611-E72A-41D8-A931-61E691EC70B9}.Release|Any CPU.Build.0 = Release|Any CPU
		{58E551A2-4A1F-4391-84C1-0F12C29B2E7F}.Debug|Any CPU.ActiveCfg = Debug|Any CPU
		{58E551A2-4A1F-4391-84C1-0F12C29B2E7F}.Debug|Any CPU.Build.0 = Debug|Any CPU
		{58E551A2-4A1F-4391-84C1-0F12C29B2E7F}.Release|Any CPU.ActiveCfg = Release|Any CPU
		{58E551A2-4A1F-4391-84C1-0F12C29B2E7F}.Release|Any CPU.Build.0 = Release|Any CPU
		{A0A32AC4-887D-4C2E-9286-66CC36CAA325}.Debug|Any CPU.ActiveCfg = Debug|Any CPU
		{A0A32AC4-887D-4C2E-9286-66CC36CAA325}.Debug|Any CPU.Build.0 = Debug|Any CPU
		{A0A32AC4-887D-4C2E-9286-66CC36CAA325}.Release|Any CPU.ActiveCfg = Release|Any CPU
		{A0A32AC4-887D-4C2E-9286-66CC36CAA325}.Release|Any CPU.Build.0 = Release|Any CPU
		{49291FB5-C9EE-4D3B-941B-EC9EC1C3DBAA}.Debug|Any CPU.ActiveCfg = Debug|Any CPU
		{49291FB5-C9EE-4D3B-941B-EC9EC1C3DBAA}.Debug|Any CPU.Build.0 = Debug|Any CPU
		{49291FB5-C9EE-4D3B-941B-EC9EC1C3DBAA}.Release|Any CPU.ActiveCfg = Release|Any CPU
		{49291FB5-C9EE-4D3B-941B-EC9EC1C3DBAA}.Release|Any CPU.Build.0 = Release|Any CPU
		{41B51F4C-618C-4AF8-A921-31964A67D7D6}.Debug|Any CPU.ActiveCfg = Debug|Any CPU
		{41B51F4C-618C-4AF8-A921-31964A67D7D6}.Debug|Any CPU.Build.0 = Debug|Any CPU
		{41B51F4C-618C-4AF8-A921-31964A67D7D6}.Release|Any CPU.ActiveCfg = Release|Any CPU
		{41B51F4C-618C-4AF8-A921-31964A67D7D6}.Release|Any CPU.Build.0 = Release|Any CPU
		{7F287341-9248-48CF-926C-FE9D7EB08ED3}.Debug|Any CPU.ActiveCfg = Debug|Any CPU
		{7F287341-9248-48CF-926C-FE9D7EB08ED3}.Debug|Any CPU.Build.0 = Debug|Any CPU
		{7F287341-9248-48CF-926C-FE9D7EB08ED3}.Release|Any CPU.ActiveCfg = Release|Any CPU
		{7F287341-9248-48CF-926C-FE9D7EB08ED3}.Release|Any CPU.Build.0 = Release|Any CPU
		{165144F0-2FE1-4A99-8CBF-5FC97A526885}.Debug|Any CPU.ActiveCfg = Debug|Any CPU
		{165144F0-2FE1-4A99-8CBF-5FC97A526885}.Debug|Any CPU.Build.0 = Debug|Any CPU
		{165144F0-2FE1-4A99-8CBF-5FC97A526885}.Release|Any CPU.ActiveCfg = Release|Any CPU
		{165144F0-2FE1-4A99-8CBF-5FC97A526885}.Release|Any CPU.Build.0 = Release|Any CPU
		{B645ABA4-3AD1-46E5-B3A2-BAAC229C9506}.Debug|Any CPU.ActiveCfg = Debug|Any CPU
		{B645ABA4-3AD1-46E5-B3A2-BAAC229C9506}.Debug|Any CPU.Build.0 = Debug|Any CPU
		{B645ABA4-3AD1-46E5-B3A2-BAAC229C9506}.Release|Any CPU.ActiveCfg = Release|Any CPU
		{B645ABA4-3AD1-46E5-B3A2-BAAC229C9506}.Release|Any CPU.Build.0 = Release|Any CPU
		{92979F00-97F1-474B-A524-097B93465B5D}.Debug|Any CPU.ActiveCfg = Debug|Any CPU
		{92979F00-97F1-474B-A524-097B93465B5D}.Debug|Any CPU.Build.0 = Debug|Any CPU
		{92979F00-97F1-474B-A524-097B93465B5D}.Release|Any CPU.ActiveCfg = Release|Any CPU
		{92979F00-97F1-474B-A524-097B93465B5D}.Release|Any CPU.Build.0 = Release|Any CPU
		{C837692D-F8C2-424F-B4B0-EE7BBD965C7A}.Debug|Any CPU.ActiveCfg = Debug|Any CPU
		{C837692D-F8C2-424F-B4B0-EE7BBD965C7A}.Debug|Any CPU.Build.0 = Debug|Any CPU
		{C837692D-F8C2-424F-B4B0-EE7BBD965C7A}.Release|Any CPU.ActiveCfg = Release|Any CPU
		{C837692D-F8C2-424F-B4B0-EE7BBD965C7A}.Release|Any CPU.Build.0 = Release|Any CPU
		{E9A67D86-48EE-4CAA-80FD-F9FA15B31547}.Debug|Any CPU.ActiveCfg = Debug|Any CPU
		{E9A67D86-48EE-4CAA-80FD-F9FA15B31547}.Debug|Any CPU.Build.0 = Debug|Any CPU
		{E9A67D86-48EE-4CAA-80FD-F9FA15B31547}.Release|Any CPU.ActiveCfg = Release|Any CPU
		{E9A67D86-48EE-4CAA-80FD-F9FA15B31547}.Release|Any CPU.Build.0 = Release|Any CPU
		{6C711212-2154-4092-A672-884797A94B69}.Debug|Any CPU.ActiveCfg = Debug|Any CPU
		{6C711212-2154-4092-A672-884797A94B69}.Debug|Any CPU.Build.0 = Debug|Any CPU
		{6C711212-2154-4092-A672-884797A94B69}.Release|Any CPU.ActiveCfg = Release|Any CPU
		{6C711212-2154-4092-A672-884797A94B69}.Release|Any CPU.Build.0 = Release|Any CPU
		{63DBC5ED-4D2F-4CF0-97AB-F2931360FA33}.Debug|Any CPU.ActiveCfg = Debug|Any CPU
		{63DBC5ED-4D2F-4CF0-97AB-F2931360FA33}.Debug|Any CPU.Build.0 = Debug|Any CPU
		{63DBC5ED-4D2F-4CF0-97AB-F2931360FA33}.Release|Any CPU.ActiveCfg = Release|Any CPU
		{63DBC5ED-4D2F-4CF0-97AB-F2931360FA33}.Release|Any CPU.Build.0 = Release|Any CPU
		{F391BD54-CD23-4520-BC88-EE23AB775361}.Debug|Any CPU.ActiveCfg = Debug|Any CPU
		{F391BD54-CD23-4520-BC88-EE23AB775361}.Debug|Any CPU.Build.0 = Debug|Any CPU
		{F391BD54-CD23-4520-BC88-EE23AB775361}.Release|Any CPU.ActiveCfg = Release|Any CPU
		{F391BD54-CD23-4520-BC88-EE23AB775361}.Release|Any CPU.Build.0 = Release|Any CPU
		{2E9A6953-6E09-4D8B-B56D-A843362F5133}.Debug|Any CPU.ActiveCfg = Debug|Any CPU
		{2E9A6953-6E09-4D8B-B56D-A843362F5133}.Debug|Any CPU.Build.0 = Debug|Any CPU
		{2E9A6953-6E09-4D8B-B56D-A843362F5133}.Release|Any CPU.ActiveCfg = Release|Any CPU
		{2E9A6953-6E09-4D8B-B56D-A843362F5133}.Release|Any CPU.Build.0 = Release|Any CPU
		{FE8EEF8E-EE1F-40E2-9D77-F8BD0C991DA6}.Debug|Any CPU.ActiveCfg = Debug|Any CPU
		{FE8EEF8E-EE1F-40E2-9D77-F8BD0C991DA6}.Debug|Any CPU.Build.0 = Debug|Any CPU
		{FE8EEF8E-EE1F-40E2-9D77-F8BD0C991DA6}.Release|Any CPU.ActiveCfg = Release|Any CPU
		{FE8EEF8E-EE1F-40E2-9D77-F8BD0C991DA6}.Release|Any CPU.Build.0 = Release|Any CPU
		{A79CD720-8BF2-40B5-BEAC-99B77CFBDF05}.Debug|Any CPU.ActiveCfg = Debug|Any CPU
		{A79CD720-8BF2-40B5-BEAC-99B77CFBDF05}.Debug|Any CPU.Build.0 = Debug|Any CPU
		{A79CD720-8BF2-40B5-BEAC-99B77CFBDF05}.Release|Any CPU.ActiveCfg = Release|Any CPU
		{A79CD720-8BF2-40B5-BEAC-99B77CFBDF05}.Release|Any CPU.Build.0 = Release|Any CPU
		{82058689-1C54-48A3-9EDB-8B7C53BCD5FA}.Debug|Any CPU.ActiveCfg = Debug|Any CPU
		{82058689-1C54-48A3-9EDB-8B7C53BCD5FA}.Debug|Any CPU.Build.0 = Debug|Any CPU
		{82058689-1C54-48A3-9EDB-8B7C53BCD5FA}.Release|Any CPU.ActiveCfg = Release|Any CPU
		{82058689-1C54-48A3-9EDB-8B7C53BCD5FA}.Release|Any CPU.Build.0 = Release|Any CPU
		{DA254B2D-645D-40D4-A656-EAAE0707CE46}.Debug|Any CPU.ActiveCfg = Debug|Any CPU
		{DA254B2D-645D-40D4-A656-EAAE0707CE46}.Debug|Any CPU.Build.0 = Debug|Any CPU
		{DA254B2D-645D-40D4-A656-EAAE0707CE46}.Release|Any CPU.ActiveCfg = Release|Any CPU
		{DA254B2D-645D-40D4-A656-EAAE0707CE46}.Release|Any CPU.Build.0 = Release|Any CPU
	EndGlobalSection
	GlobalSection(SolutionProperties) = preSolution
		HideSolutionNode = FALSE
	EndGlobalSection
	GlobalSection(NestedProjects) = preSolution
		{DE6706D3-1D92-47D2-A2D8-0047F86E5360} = {B5478B32-04FE-4FD9-8614-41574D2F0D9E}
		{2164DC61-5086-4642-B588-C8DE5566EC33} = {B5478B32-04FE-4FD9-8614-41574D2F0D9E}
		{8B263472-D5C7-44B1-880B-B610EC82DAD6} = {B5478B32-04FE-4FD9-8614-41574D2F0D9E}
		{01EE11D4-010D-4076-841F-623C5186C370} = {B5478B32-04FE-4FD9-8614-41574D2F0D9E}
		{041E472E-C6D1-4D78-8E54-B5479D1FC3B4} = {F9FF6D93-405E-4E51-82AE-88F5DC91C8E0}
		{4ABB8DA8-8389-49CD-AAE6-0826F759C5B6} = {F9FF6D93-405E-4E51-82AE-88F5DC91C8E0}
		{D8829B50-E55C-461A-AF22-D6351A17BE1B} = {F9FF6D93-405E-4E51-82AE-88F5DC91C8E0}
		{12DA4FE2-2B6E-483B-98F1-6563253BD765} = {F9FF6D93-405E-4E51-82AE-88F5DC91C8E0}
		{C6092C3A-6ACD-4F45-9629-C0643DC474BF} = {F9FF6D93-405E-4E51-82AE-88F5DC91C8E0}
		{0F648E0A-711B-4BA7-A38C-604977517B1C} = {F9FF6D93-405E-4E51-82AE-88F5DC91C8E0}
		{130D3BC4-1AB8-4195-9DFE-1CDBEC76CD70} = {F9FF6D93-405E-4E51-82AE-88F5DC91C8E0}
		{4E7FE940-7C76-48F2-B5F4-50AA4F3FE705} = {F9FF6D93-405E-4E51-82AE-88F5DC91C8E0}
		{57A5186E-2D08-4F10-933E-3F390A7548CD} = {F9FF6D93-405E-4E51-82AE-88F5DC91C8E0}
		{1482F599-D557-45B4-BB4A-29037C0988D2} = {F9FF6D93-405E-4E51-82AE-88F5DC91C8E0}
		{00A9D611-E72A-41D8-A931-61E691EC70B9} = {F9FF6D93-405E-4E51-82AE-88F5DC91C8E0}
		{58E551A2-4A1F-4391-84C1-0F12C29B2E7F} = {F9FF6D93-405E-4E51-82AE-88F5DC91C8E0}
		{A0A32AC4-887D-4C2E-9286-66CC36CAA325} = {F9FF6D93-405E-4E51-82AE-88F5DC91C8E0}
		{49291FB5-C9EE-4D3B-941B-EC9EC1C3DBAA} = {F9FF6D93-405E-4E51-82AE-88F5DC91C8E0}
		{41B51F4C-618C-4AF8-A921-31964A67D7D6} = {F9FF6D93-405E-4E51-82AE-88F5DC91C8E0}
		{7F287341-9248-48CF-926C-FE9D7EB08ED3} = {F9FF6D93-405E-4E51-82AE-88F5DC91C8E0}
		{165144F0-2FE1-4A99-8CBF-5FC97A526885} = {F9FF6D93-405E-4E51-82AE-88F5DC91C8E0}
		{B645ABA4-3AD1-46E5-B3A2-BAAC229C9506} = {F9FF6D93-405E-4E51-82AE-88F5DC91C8E0}
		{92979F00-97F1-474B-A524-097B93465B5D} = {F9FF6D93-405E-4E51-82AE-88F5DC91C8E0}
		{C837692D-F8C2-424F-B4B0-EE7BBD965C7A} = {F9FF6D93-405E-4E51-82AE-88F5DC91C8E0}
		{E9A67D86-48EE-4CAA-80FD-F9FA15B31547} = {F9FF6D93-405E-4E51-82AE-88F5DC91C8E0}
		{6C711212-2154-4092-A672-884797A94B69} = {F9FF6D93-405E-4E51-82AE-88F5DC91C8E0}
		{63DBC5ED-4D2F-4CF0-97AB-F2931360FA33} = {F9FF6D93-405E-4E51-82AE-88F5DC91C8E0}
		{F391BD54-CD23-4520-BC88-EE23AB775361} = {F9FF6D93-405E-4E51-82AE-88F5DC91C8E0}
		{2E9A6953-6E09-4D8B-B56D-A843362F5133} = {F9FF6D93-405E-4E51-82AE-88F5DC91C8E0}
		{FE8EEF8E-EE1F-40E2-9D77-F8BD0C991DA6} = {F9FF6D93-405E-4E51-82AE-88F5DC91C8E0}
		{A79CD720-8BF2-40B5-BEAC-99B77CFBDF05} = {F0F4763B-971C-4CCB-824D-D248C080B779}
		{82058689-1C54-48A3-9EDB-8B7C53BCD5FA} = {F0F4763B-971C-4CCB-824D-D248C080B779}
		{DA254B2D-645D-40D4-A656-EAAE0707CE46} = {5276AF58-FA2C-4CD2-B4E9-1BBBC5ACFE4E}
	EndGlobalSection
	GlobalSection(ExtensibilityGlobals) = postSolution
		SolutionGuid = {0B098DCA-6170-4FC3-9DC2-5D85A6973C0C}
	EndGlobalSection
EndGlobal
