
Microsoft Visual Studio Solution File, Format Version 12.00
# Visual Studio Version 17
VisualStudioVersion = 17.6.33801.468
MinimumVisualStudioVersion = 10.0.40219.1
Project("{FAE04EC0-301F-11D3-BF4B-00C04F79EFBC}") = "T_015", "T_15\T_015.csproj", "{DE6706D3-1D92-47D2-A2D8-0047F86E5360}"
EndProject
Project("{FAE04EC0-301F-11D3-BF4B-00C04F79EFBC}") = "T_016", "T_16\T_016.csproj", "{2164DC61-5086-4642-B588-C8DE5566EC33}"
EndProject
Project("{2150E333-8FDC-42A3-9474-1A3956D46DE8}") = "Условные операторы и цыклы", "Условные операторы и цыклы", "{B5478B32-04FE-4FD9-8614-41574D2F0D9E}"
EndProject
Project("{FAE04EC0-301F-11D3-BF4B-00C04F79EFBC}") = "T_017", "T_17\T_017.csproj", "{8B263472-D5C7-44B1-880B-B610EC82DAD6}"
EndProject
Project("{FAE04EC0-301F-11D3-BF4B-00C04F79EFBC}") = "T_018", "T_18\T_018.csproj", "{01EE11D4-010D-4076-841F-623C5186C370}"
EndProject
Project("{FAE04EC0-301F-11D3-BF4B-00C04F79EFBC}") = "T_006", "T_6\T_006.csproj", "{041E472E-C6D1-4D78-8E54-B5479D1FC3B4}"
EndProject
Project("{FAE04EC0-301F-11D3-BF4B-00C04F79EFBC}") = "T_006.2", "T_6.2\T_006.2.csproj", "{4ABB8DA8-8389-49CD-AAE6-0826F759C5B6}"
EndProject
Project("{FAE04EC0-301F-11D3-BF4B-00C04F79EFBC}") = "T_007", "T_7\T_007.csproj", "{D8829B50-E55C-461A-AF22-D6351A17BE1B}"
EndProject
Project("{2150E333-8FDC-42A3-9474-1A3956D46DE8}") = "SimpleCode", "SimpleCode", "{F9FF6D93-405E-4E51-82AE-88F5DC91C8E0}"
EndProject
Project("{FAE04EC0-301F-11D3-BF4B-00C04F79EFBC}") = "T_007.2_Parse", "T_7.2\T_007.2_Parse.csproj", "{12DA4FE2-2B6E-483B-98F1-6563253BD765}"
EndProject
Project("{FAE04EC0-301F-11D3-BF4B-00C04F79EFBC}") = "T_007.3", "T_7.3\T_007.3.csproj", "{C6092C3A-6ACD-4F45-9629-C0643DC474BF}"
EndProject
Project("{FAE04EC0-301F-11D3-BF4B-00C04F79EFBC}") = "T_008", "T_8\T_008.csproj", "{0F648E0A-711B-4BA7-A38C-604977517B1C}"
EndProject
Project("{FAE04EC0-301F-11D3-BF4B-00C04F79EFBC}") = "T_008_DZ", "T_8_DZ\T_008_DZ.csproj", "{130D3BC4-1AB8-4195-9DFE-1CDBEC76CD70}"
EndProject
Project("{FAE04EC0-301F-11D3-BF4B-00C04F79EFBC}") = "T_008_DZ_02", "T_8_DZ_02\T_008_DZ_02.csproj", "{4E7FE940-7C76-48F2-B5F4-50AA4F3FE705}"
EndProject
Project("{FAE04EC0-301F-11D3-BF4B-00C04F79EFBC}") = "T_008_DZ_03", "T_8_DZ_03\T_008_DZ_03.csproj", "{57A5186E-2D08-4F10-933E-3F390A7548CD}"
EndProject
Project("{FAE04EC0-301F-11D3-BF4B-00C04F79EFBC}") = "T_011", "T_11\T_011.csproj", "{1482F599-D557-45B4-BB4A-29037C0988D2}"
EndProject
Project("{FAE04EC0-301F-11D3-BF4B-00C04F79EFBC}") = "T_012", "T_012\T_012.csproj", "{00A9D611-E72A-41D8-A931-61E691EC70B9}"
EndProject
Project("{FAE04EC0-301F-11D3-BF4B-00C04F79EFBC}") = "T_013_If_else", "T_013_If_else\T_013_If_else.csproj", "{58E551A2-4A1F-4391-84C1-0F12C29B2E7F}"
EndProject
Project("{FAE04EC0-301F-11D3-BF4B-00C04F79EFBC}") = "T_013_If_else_DZ", "T_013_If_else_DZ\T_013_If_else_DZ.csproj", "{A0A32AC4-887D-4C2E-9286-66CC36CAA325}"
EndProject
Global
	GlobalSection(SolutionConfigurationPlatforms) = preSolution
		Debug|Any CPU = Debug|Any CPU
		Release|Any CPU = Release|Any CPU
	EndGlobalSection
	GlobalSection(ProjectConfigurationPlatforms) = postSolution
		{DE6706D3-1D92-47D2-A2D8-0047F86E5360}.Debug|Any CPU.ActiveCfg = Debug|Any CPU
		{DE6706D3-1D92-47D2-A2D8-0047F86E5360}.Debug|Any CPU.Build.0 = Debug|Any CPU
		{DE6706D3-1D92-47D2-A2D8-0047F86E5360}.Release|Any CPU.ActiveCfg = Release|Any CPU
		{DE6706D3-1D92-47D2-A2D8-0047F86E5360}.Release|Any CPU.Build.0 = Release|Any CPU
		{2164DC61-5086-4642-B588-C8DE5566EC33}.Debug|Any CPU.ActiveCfg = Debug|Any CPU
		{2164DC61-5086-4642-B588-C8DE5566EC33}.Debug|Any CPU.Build.0 = Debug|Any CPU
		{2164DC61-5086-4642-B588-C8DE5566EC33}.Release|Any CPU.ActiveCfg = Release|Any CPU
		{2164DC61-5086-4642-B588-C8DE5566EC33}.Release|Any CPU.Build.0 = Release|Any CPU
		{8B263472-D5C7-44B1-880B-B610EC82DAD6}.Debug|Any CPU.ActiveCfg = Debug|Any CPU
		{8B263472-D5C7-44B1-880B-B610EC82DAD6}.Debug|Any CPU.Build.0 = Debug|Any CPU
		{8B263472-D5C7-44B1-880B-B610EC82DAD6}.Release|Any CPU.ActiveCfg = Release|Any CPU
		{8B263472-D5C7-44B1-880B-B610EC82DAD6}.Release|Any CPU.Build.0 = Release|Any CPU
		{01EE11D4-010D-4076-841F-623C5186C370}.Debug|Any CPU.ActiveCfg = Debug|Any CPU
		{01EE11D4-010D-4076-841F-623C5186C370}.Debug|Any CPU.Build.0 = Debug|Any CPU
		{01EE11D4-010D-4076-841F-623C5186C370}.Release|Any CPU.ActiveCfg = Release|Any CPU
		{01EE11D4-010D-4076-841F-623C5186C370}.Release|Any CPU.Build.0 = Release|Any CPU
		{041E472E-C6D1-4D78-8E54-B5479D1FC3B4}.Debug|Any CPU.ActiveCfg = Debug|Any CPU
		{041E472E-C6D1-4D78-8E54-B5479D1FC3B4}.Debug|Any CPU.Build.0 = Debug|Any CPU
		{041E472E-C6D1-4D78-8E54-B5479D1FC3B4}.Release|Any CPU.ActiveCfg = Release|Any CPU
		{041E472E-C6D1-4D78-8E54-B5479D1FC3B4}.Release|Any CPU.Build.0 = Release|Any CPU
		{4ABB8DA8-8389-49CD-AAE6-0826F759C5B6}.Debug|Any CPU.ActiveCfg = Debug|Any CPU
		{4ABB8DA8-8389-49CD-AAE6-0826F759C5B6}.Debug|Any CPU.Build.0 = Debug|Any CPU
		{4ABB8DA8-8389-49CD-AAE6-0826F759C5B6}.Release|Any CPU.ActiveCfg = Release|Any CPU
		{4ABB8DA8-8389-49CD-AAE6-0826F759C5B6}.Release|Any CPU.Build.0 = Release|Any CPU
		{D8829B50-E55C-461A-AF22-D6351A17BE1B}.Debug|Any CPU.ActiveCfg = Debug|Any CPU
		{D8829B50-E55C-461A-AF22-D6351A17BE1B}.Debug|Any CPU.Build.0 = Debug|Any CPU
		{D8829B50-E55C-461A-AF22-D6351A17BE1B}.Release|Any CPU.ActiveCfg = Release|Any CPU
		{D8829B50-E55C-461A-AF22-D6351A17BE1B}.Release|Any CPU.Build.0 = Release|Any CPU
		{12DA4FE2-2B6E-483B-98F1-6563253BD765}.Debug|Any CPU.ActiveCfg = Debug|Any CPU
		{12DA4FE2-2B6E-483B-98F1-6563253BD765}.Debug|Any CPU.Build.0 = Debug|Any CPU
		{12DA4FE2-2B6E-483B-98F1-6563253BD765}.Release|Any CPU.ActiveCfg = Release|Any CPU
		{12DA4FE2-2B6E-483B-98F1-6563253BD765}.Release|Any CPU.Build.0 = Release|Any CPU
		{C6092C3A-6ACD-4F45-9629-C0643DC474BF}.Debug|Any CPU.ActiveCfg = Debug|Any CPU
		{C6092C3A-6ACD-4F45-9629-C0643DC474BF}.Debug|Any CPU.Build.0 = Debug|Any CPU
		{C6092C3A-6ACD-4F45-9629-C0643DC474BF}.Release|Any CPU.ActiveCfg = Release|Any CPU
		{C6092C3A-6ACD-4F45-9629-C0643DC474BF}.Release|Any CPU.Build.0 = Release|Any CPU
		{0F648E0A-711B-4BA7-A38C-604977517B1C}.Debug|Any CPU.ActiveCfg = Debug|Any CPU
		{0F648E0A-711B-4BA7-A38C-604977517B1C}.Debug|Any CPU.Build.0 = Debug|Any CPU
		{0F648E0A-711B-4BA7-A38C-604977517B1C}.Release|Any CPU.ActiveCfg = Release|Any CPU
		{0F648E0A-711B-4BA7-A38C-604977517B1C}.Release|Any CPU.Build.0 = Release|Any CPU
		{130D3BC4-1AB8-4195-9DFE-1CDBEC76CD70}.Debug|Any CPU.ActiveCfg = Debug|Any CPU
		{130D3BC4-1AB8-4195-9DFE-1CDBEC76CD70}.Debug|Any CPU.Build.0 = Debug|Any CPU
		{130D3BC4-1AB8-4195-9DFE-1CDBEC76CD70}.Release|Any CPU.ActiveCfg = Release|Any CPU
		{130D3BC4-1AB8-4195-9DFE-1CDBEC76CD70}.Release|Any CPU.Build.0 = Release|Any CPU
		{4E7FE940-7C76-48F2-B5F4-50AA4F3FE705}.Debug|Any CPU.ActiveCfg = Debug|Any CPU
		{4E7FE940-7C76-48F2-B5F4-50AA4F3FE705}.Debug|Any CPU.Build.0 = Debug|Any CPU
		{4E7FE940-7C76-48F2-B5F4-50AA4F3FE705}.Release|Any CPU.ActiveCfg = Release|Any CPU
		{4E7FE940-7C76-48F2-B5F4-50AA4F3FE705}.Release|Any CPU.Build.0 = Release|Any CPU
		{57A5186E-2D08-4F10-933E-3F390A7548CD}.Debug|Any CPU.ActiveCfg = Debug|Any CPU
		{57A5186E-2D08-4F10-933E-3F390A7548CD}.Debug|Any CPU.Build.0 = Debug|Any CPU
		{57A5186E-2D08-4F10-933E-3F390A7548CD}.Release|Any CPU.ActiveCfg = Release|Any CPU
		{57A5186E-2D08-4F10-933E-3F390A7548CD}.Release|Any CPU.Build.0 = Release|Any CPU
		{1482F599-D557-45B4-BB4A-29037C0988D2}.Debug|Any CPU.ActiveCfg = Debug|Any CPU
		{1482F599-D557-45B4-BB4A-29037C0988D2}.Debug|Any CPU.Build.0 = Debug|Any CPU
		{1482F599-D557-45B4-BB4A-29037C0988D2}.Release|Any CPU.ActiveCfg = Release|Any CPU
		{1482F599-D557-45B4-BB4A-29037C0988D2}.Release|Any CPU.Build.0 = Release|Any CPU
		{00A9D611-E72A-41D8-A931-61E691EC70B9}.Debug|Any CPU.ActiveCfg = Debug|Any CPU
		{00A9D611-E72A-41D8-A931-61E691EC70B9}.Debug|Any CPU.Build.0 = Debug|Any CPU
		{00A9D611-E72A-41D8-A931-61E691EC70B9}.Release|Any CPU.ActiveCfg = Release|Any CPU
		{00A9D611-E72A-41D8-A931-61E691EC70B9}.Release|Any CPU.Build.0 = Release|Any CPU
		{58E551A2-4A1F-4391-84C1-0F12C29B2E7F}.Debug|Any CPU.ActiveCfg = Debug|Any CPU
		{58E551A2-4A1F-4391-84C1-0F12C29B2E7F}.Debug|Any CPU.Build.0 = Debug|Any CPU
		{58E551A2-4A1F-4391-84C1-0F12C29B2E7F}.Release|Any CPU.ActiveCfg = Release|Any CPU
		{58E551A2-4A1F-4391-84C1-0F12C29B2E7F}.Release|Any CPU.Build.0 = Release|Any CPU
		{A0A32AC4-887D-4C2E-9286-66CC36CAA325}.Debug|Any CPU.ActiveCfg = Debug|Any CPU
		{A0A32AC4-887D-4C2E-9286-66CC36CAA325}.Debug|Any CPU.Build.0 = Debug|Any CPU
		{A0A32AC4-887D-4C2E-9286-66CC36CAA325}.Release|Any CPU.ActiveCfg = Release|Any CPU
		{A0A32AC4-887D-4C2E-9286-66CC36CAA325}.Release|Any CPU.Build.0 = Release|Any CPU
	EndGlobalSection
	GlobalSection(SolutionProperties) = preSolution
		HideSolutionNode = FALSE
	EndGlobalSection
	GlobalSection(NestedProjects) = preSolution
		{DE6706D3-1D92-47D2-A2D8-0047F86E5360} = {B5478B32-04FE-4FD9-8614-41574D2F0D9E}
		{2164DC61-5086-4642-B588-C8DE5566EC33} = {B5478B32-04FE-4FD9-8614-41574D2F0D9E}
		{8B263472-D5C7-44B1-880B-B610EC82DAD6} = {B5478B32-04FE-4FD9-8614-41574D2F0D9E}
		{01EE11D4-010D-4076-841F-623C5186C370} = {B5478B32-04FE-4FD9-8614-41574D2F0D9E}
		{041E472E-C6D1-4D78-8E54-B5479D1FC3B4} = {F9FF6D93-405E-4E51-82AE-88F5DC91C8E0}
		{4ABB8DA8-8389-49CD-AAE6-0826F759C5B6} = {F9FF6D93-405E-4E51-82AE-88F5DC91C8E0}
		{D8829B50-E55C-461A-AF22-D6351A17BE1B} = {F9FF6D93-405E-4E51-82AE-88F5DC91C8E0}
		{12DA4FE2-2B6E-483B-98F1-6563253BD765} = {F9FF6D93-405E-4E51-82AE-88F5DC91C8E0}
		{C6092C3A-6ACD-4F45-9629-C0643DC474BF} = {F9FF6D93-405E-4E51-82AE-88F5DC91C8E0}
		{0F648E0A-711B-4BA7-A38C-604977517B1C} = {F9FF6D93-405E-4E51-82AE-88F5DC91C8E0}
		{130D3BC4-1AB8-4195-9DFE-1CDBEC76CD70} = {F9FF6D93-405E-4E51-82AE-88F5DC91C8E0}
		{4E7FE940-7C76-48F2-B5F4-50AA4F3FE705} = {F9FF6D93-405E-4E51-82AE-88F5DC91C8E0}
		{57A5186E-2D08-4F10-933E-3F390A7548CD} = {F9FF6D93-405E-4E51-82AE-88F5DC91C8E0}
		{1482F599-D557-45B4-BB4A-29037C0988D2} = {F9FF6D93-405E-4E51-82AE-88F5DC91C8E0}
		{00A9D611-E72A-41D8-A931-61E691EC70B9} = {F9FF6D93-405E-4E51-82AE-88F5DC91C8E0}
		{58E551A2-4A1F-4391-84C1-0F12C29B2E7F} = {F9FF6D93-405E-4E51-82AE-88F5DC91C8E0}
		{A0A32AC4-887D-4C2E-9286-66CC36CAA325} = {F9FF6D93-405E-4E51-82AE-88F5DC91C8E0}
	EndGlobalSection
	GlobalSection(ExtensibilityGlobals) = postSolution
		SolutionGuid = {0B098DCA-6170-4FC3-9DC2-5D85A6973C0C}
	EndGlobalSection
EndGlobal
